symfony 707e8aaecb7de9265aeebca131c241b41ff80b33
twig 94ac20f1553d945c2c224d19d9d28e85ec14372b
monolog 433b98d4218c181bae01865901aac045585e8a1a
doctrine-common 40f1bf16e84ddc5291a6a63aa00b9879c40e3500
doctrine-dbal 0127ee98a4301f2f6e3463c824adc3a3687f901f
doctrine dfdb7353065407afc997956e23f3a44ec3effd72
swiftmailer c53c8c1ab88c78c463ba65086d93d00193957e94
assetic 3333d371c4511abcdec7bad86e15ac2be3b10f03
twig-extensions eba4f5d572bec05c72a47bbd73ba0a3330cf8f54
metadata 8717ad2a5689480765d9ffafe925cd8a2457e582
SensioFrameworkExtraBundle 9b9194a47effc66b08d44ae110b982352119ca17
JMSSecurityExtraBundle facedd50988b311f778288ea3b5e070591936f30
SensioDistributionBundle 029151792beac272548fe9df183e15b9be521870
SensioGeneratorBundle 52038c005d565a1bd4986dcdef207ed9f1246b32
AsseticBundle 61bc7f32c663a9c7be53ed761a574a1509f74d7e
FormModelBundle 5f2aa737c4d8e4ccc23a2fb671e344761073e2c7
buzz bbd80ebd50510217597d4d9a75b57564cb8a7b32
SahiClient fe8a66ef3162fa783fc0ad8d49d5f3b59a4682da
MinkBundle 0bdad1d30b8d6af981920615c9102fd8ab4b5408
Mink d0c2d91e462562f526721508c4f91ed0c47115ca
BehatBundle 628eb52b0f213f00cb8251fa636e899d6ddf1751
Gherkin ebf711c78542c83a98c65d1ab0ce8002afd616e5
Behat e1652097725dd917a47d34d352517ad2493d151a
AcmePizzaBundle 73355698baca173c72d80d1a243e24cd3de1b9fa
doctrine-fixtures 4a8464ef83093de2378cef2770e13da7e4858ffc
DoctrineFixturesBundle 275e33be3ed4aa76afc21ff0aa5517b0e4795ba1
PHPSpec 234039cda6ead648a05f5858939ac01b33864ef3
PHPAutotest 38d296eb52ab654ae14f6d093603390a9f2dbe3b